{
  "name": "safari",
  "lockfileVersion": 2,
  "requires": true,
  "packages": {
    "": {
      "dependencies": {
        "webview-javascript-bridge": "^1.0.8"
      }
    },
    "node_modules/webview-javascript-bridge": {
      "version": "1.0.8",
      "resolved": "https://registry.npmjs.org/webview-javascript-bridge/-/webview-javascript-bridge-1.0.8.tgz",
      "integrity": "sha512-rgFY0iA+KacFrdN4BDSOFSC7v3topcO7KUFzYEzCCvhcY0axvQoC+zkO+khvRoFymslMgkO3wXSIvc7Q5UfCrA=="
    }
  },
  "dependencies": {
    "webview-javascript-bridge": {
      "version": "1.0.8",
      "resolved": "https://registry.npmjs.org/webview-javascript-bridge/-/webview-javascript-bridge-1.0.8.tgz",
      "integrity": "sha512-rgFY0iA+KacFrdN4BDSOFSC7v3topcO7KUFzYEzCCvhcY0axvQoC+zkO+khvRoFymslMgkO3wXSIvc7Q5UfCrA=="
    }
  }
}
